
Microsoft Visual Studio Solution File, Format Version 12.00
# Visual Studio 15
Project("{FAE04EC0-301F-11D3-BF4B-00C04F79EFBC}") = "Sale", "Sale\Sale.csproj", "{30513C07-9B6E-49C9-B348-074C591314EA}"
EndProject
Project("{FAE04EC0-301F-11D3-BF4B-00C04F79EFBC}") = "Sale.Tests", "Sale.Tests\Sale.Tests.csproj", "{941D12BF-4582-445F-B3DA-149CEF60BA82}"
EndProject
Global
	GlobalSection(SolutionConfigurationPlatforms) = preSolution
		Debug|Any CPU = Debug|Any CPU
		Release|Any CPU = Release|Any CPU
	EndGlobalSection
	GlobalSection(ProjectConfigurationPlatforms) = postSolution
		{30513C07-9B6E-49C9-B348-074C591314EA}.Debug|Any CPU.ActiveCfg = Debug|Any CPU
		{30513C07-9B6E-49C9-B348-074C591314EA}.Debug|Any CPU.Build.0 = Debug|Any CPU
		{30513C07-9B6E-49C9-B348-074C591314EA}.Release|Any CPU.ActiveCfg = Release|Any CPU
		{30513C07-9B6E-49C9-B348-074C591314EA}.Release|Any CPU.Build.0 = Release|Any CPU
		{941D12BF-4582-445F-B3DA-149CEF60BA82}.Debug|Any CPU.ActiveCfg = Debug|Any CPU
		{941D12BF-4582-445F-B3DA-149CEF60BA82}.Debug|Any CPU.Build.0 = Debug|Any CPU
		{941D12BF-4582-445F-B3DA-149CEF60BA82}.Release|Any CPU.ActiveCfg = Release|Any CPU
		{941D12BF-4582-445F-B3DA-149CEF60BA82}.Release|Any CPU.Build.0 = Release|Any CPU
	EndGlobalSection
EndGlobal
